PODS:
  - NVActivityIndicatorView (4.6.1):
    - NVActivityIndicatorView/Presenter (= 4.6.1)
  - NVActivityIndicatorView/Presenter (4.6.1)

DEPENDENCIES:
  - NVActivityIndicatorView (~> 4.6.1)

SPEC REPOS:
  trunk:
    - NVActivityIndicatorView

SPEC CHECKSUMS:
  NVActivityIndicatorView: 4ca19fccc84595a78957336a086d00a49be6ce61

PODFILE CHECKSUM: b98e4965ff6259d4757d14d73d813dab0f8f628a

COCOAPODS: 1.11.3
