// !$*UTF8*$!
{
	archiveVersion = 1;
	classes = {
	};
	objectVersion = 55;
	objects = {

/* Begin PBXBuildFile section */
		2668AD18AAE9543F9453A7E8 /* Pods_IOSAssignment_IOSAssignmentUITests.framework in Frameworks */ = {isa = PBXBuildFile; fileRef = 747B270A7FB79EC3CA58E5B8 /* Pods_IOSAssignment_IOSAssignmentUITests.framework */; };
		4D03C1FD281838FA00D712B6 /* IOSAssignmentApp.swift in Sources */ = {isa = PBXBuildFile; fileRef = 4D03C1FC281838FA00D712B6 /* IOSAssignmentApp.swift */; };
		4D03C1FF281838FA00D712B6 /* ContentView.swift in Sources */ = {isa = PBXBuildFile; fileRef = 4D03C1FE281838FA00D712B6 /* ContentView.swift */; };
		4D03C201281838FB00D712B6 /* Assets.xcassets in Resources */ = {isa = PBXBuildFile; fileRef = 4D03C200281838FB00D712B6 /* Assets.xcassets */; };
		4D03C204281838FB00D712B6 /* Preview Assets.xcassets in Resources */ = {isa = PBXBuildFile; fileRef = 4D03C203281838FB00D712B6 /* Preview Assets.xcassets */; };
		4D03C20E281838FB00D712B6 /* IOSAssignmentTests.swift in Sources */ = {isa = PBXBuildFile; fileRef = 4D03C20D281838FB00D712B6 /* IOSAssignmentTests.swift */; };
		4D03C218281838FB00D712B6 /* IOSAssignmentUITests.swift in Sources */ = {isa = PBXBuildFile; fileRef = 4D03C217281838FB00D712B6 /* IOSAssignmentUITests.swift */; };
		4D03C21A281838FB00D712B6 /* IOSAssignmentUITestsLaunchTests.swift in Sources */ = {isa = PBXBuildFile; fileRef = 4D03C219281838FB00D712B6 /* IOSAssignmentUITestsLaunchTests.swift */; };
		4D03C23528195D2800D712B6 /* PagingView.swift in Sources */ = {isa = PBXBuildFile; fileRef = 4D03C23428195D2800D712B6 /* PagingView.swift */; };
		4D03C2392819687F00D712B6 /* WebService.swift in Sources */ = {isa = PBXBuildFile; fileRef = 4D03C2382819687F00D712B6 /* WebService.swift */; };
		4D03C23D28196CAA00D712B6 /* AppModel.swift in Sources */ = {isa = PBXBuildFile; fileRef = 4D03C23C28196CAA00D712B6 /* AppModel.swift */; };
		4D03C23F28196D4B00D712B6 /* AppViewModel.swift in Sources */ = {isa = PBXBuildFile; fileRef = 4D03C23E28196D4B00D712B6 /* AppViewModel.swift */; };
		4D03C247281BBA6B00D712B6 /* CellView.swift in Sources */ = {isa = PBXBuildFile; fileRef = 4D03C246281BBA6B00D712B6 /* CellView.swift */; };
		4D03C249281BBA8B00D712B6 /* TopSixNews.swift in Sources */ = {isa = PBXBuildFile; fileRef = 4D03C248281BBA8B00D712B6 /* TopSixNews.swift */; };
		4D03C24B281BBAE000D712B6 /* CardView.swift in Sources */ = {isa = PBXBuildFile; fileRef = 4D03C24A281BBAE000D712B6 /* CardView.swift */; };
		4D03C24D281BBC0400D712B6 /* StickerModel.swift in Sources */ = {isa = PBXBuildFile; fileRef = 4D03C24C281BBC0400D712B6 /* StickerModel.swift */; };
		4D03C251281C05A600D712B6 /* ImageLoader.swift in Sources */ = {isa = PBXBuildFile; fileRef = 4D03C250281C05A600D712B6 /* ImageLoader.swift */; };
		4D03C253281D44C800D712B6 /* RandomPriceEmitter.swift in Sources */ = {isa = PBXBuildFile; fileRef = 4D03C252281D44C800D712B6 /* RandomPriceEmitter.swift */; };
		4D03C259281D4E6200D712B6 /* SwiftUIActivityIndicator.swift in Sources */ = {isa = PBXBuildFile; fileRef = 4D03C258281D4E6200D712B6 /* SwiftUIActivityIndicator.swift */; };
		6434D608498DED167F70316B /* Pods_IOSAssignmentTests.framework in Frameworks */ = {isa = PBXBuildFile; fileRef = D7431E118E073D61F400F826 /* Pods_IOSAssignmentTests.framework */; };
		A78A943D6CC82E3038EAB6DF /* Pods_IOSAssignment.framework in Frameworks */ = {isa = PBXBuildFile; fileRef = 55DBC2D29E5A357151053FDD /* Pods_IOSAssignment.framework */; };
/* End PBXBuildFile section */

/* Begin PBXContainerItemProxy section */
		4D03C20A281838FB00D712B6 /* PBXContainerItemProxy */ = {
			isa = PBXContainerItemProxy;
			containerPortal = 4D03C1F1281838FA00D712B6 /* Project object */;
			proxyType = 1;
			remoteGlobalIDString = 4D03C1F8281838FA00D712B6;
			remoteInfo = IOSAssignment;
		};
		4D03C214281838FB00D712B6 /* PBXContainerItemProxy */ = {
			isa = PBXContainerItemProxy;
			containerPortal = 4D03C1F1281838FA00D712B6 /* Project object */;
			proxyType = 1;
			remoteGlobalIDString = 4D03C1F8281838FA00D712B6;
			remoteInfo = IOSAssignment;
		};
/* End PBXContainerItemProxy section */

/* Begin PBXFileReference section */
		0D70CB56F552C2A31886BF6D /* Pods-IOSAssignment-IOSAssignmentUITests.release.xcconfig */ = {isa = PBXFileReference; includeInIndex = 1; lastKnownFileType = text.xcconfig; name = "Pods-IOSAssignment-IOSAssignmentUITests.release.xcconfig"; path = "Target Support Files/Pods-IOSAssignment-IOSAssignmentUITests/Pods-IOSAssignment-IOSAssignmentUITests.release.xcconfig"; sourceTree = "<group>"; };
		475B38CE7E1B76280754AA9F /* Pods-IOSAssignment.release.xcconfig */ = {isa = PBXFileReference; includeInIndex = 1; lastKnownFileType = text.xcconfig; name = "Pods-IOSAssignment.release.xcconfig"; path = "Target Support Files/Pods-IOSAssignment/Pods-IOSAssignment.release.xcconfig"; sourceTree = "<group>"; };
		4D03C1F9281838FA00D712B6 /* IOSAssignment.app */ = {isa = PBXFileReference; explicitFileType = wrapper.application; includeInIndex = 0; path = IOSAssignment.app; sourceTree = BUILT_PRODUCTS_DIR; };
		4D03C1FC281838FA00D712B6 /* IOSAssignmentApp.swift */ = {isa = PBXFileReference; lastKnownFileType = sourcecode.swift; path = IOSAssignmentApp.swift; sourceTree = "<group>"; };
		4D03C1FE281838FA00D712B6 /* ContentView.swift */ = {isa = PBXFileReference; lastKnownFileType = sourcecode.swift; path = ContentView.swift; sourceTree = "<group>"; };
		4D03C200281838FB00D712B6 /* Assets.xcassets */ = {isa = PBXFileReference; lastKnownFileType = folder.assetcatalog; path = Assets.xcassets; sourceTree = "<group>"; };
		4D03C203281838FB00D712B6 /* Preview Assets.xcassets */ = {isa = PBXFileReference; lastKnownFileType = folder.assetcatalog; path = "Preview Assets.xcassets"; sourceTree = "<group>"; };
		4D03C209281838FB00D712B6 /* IOSAssignmentTests.xctest */ = {isa = PBXFileReference; explicitFileType = wrapper.cfbundle; includeInIndex = 0; path = IOSAssignmentTests.xctest; sourceTree = BUILT_PRODUCTS_DIR; };
		4D03C20D281838FB00D712B6 /* IOSAssignmentTests.swift */ = {isa = PBXFileReference; lastKnownFileType = sourcecode.swift; path = IOSAssignmentTests.swift; sourceTree = "<group>"; };
		4D03C213281838FB00D712B6 /* IOSAssignmentUITests.xctest */ = {isa = PBXFileReference; explicitFileType = wrapper.cfbundle; includeInIndex = 0; path = IOSAssignmentUITests.xctest; sourceTree = BUILT_PRODUCTS_DIR; };
		4D03C217281838FB00D712B6 /* IOSAssignmentUITests.swift */ = {isa = PBXFileReference; lastKnownFileType = sourcecode.swift; path = IOSAssignmentUITests.swift; sourceTree = "<group>"; };
		4D03C219281838FB00D712B6 /* IOSAssignmentUITestsLaunchTests.swift */ = {isa = PBXFileReference; lastKnownFileType = sourcecode.swift; path = IOSAssignmentUITestsLaunchTests.swift; sourceTree = "<group>"; };
		4D03C23428195D2800D712B6 /* PagingView.swift */ = {isa = PBXFileReference; lastKnownFileType = sourcecode.swift; path = PagingView.swift; sourceTree = "<group>"; };
		4D03C2382819687F00D712B6 /* WebService.swift */ = {isa = PBXFileReference; lastKnownFileType = sourcecode.swift; path = WebService.swift; sourceTree = "<group>"; };
		4D03C23C28196CAA00D712B6 /* AppModel.swift */ = {isa = PBXFileReference; lastKnownFileType = sourcecode.swift; path = AppModel.swift; sourceTree = "<group>"; };
		4D03C23E28196D4B00D712B6 /* AppViewModel.swift */ = {isa = PBXFileReference; lastKnownFileType = sourcecode.swift; path = AppViewModel.swift; sourceTree = "<group>"; };
		4D03C2402819741400D712B6 /* Info.plist */ = {isa = PBXFileReference; lastKnownFileType = text.plist; path = Info.plist; sourceTree = "<group>"; };
		4D03C246281BBA6B00D712B6 /* CellView.swift */ = {isa = PBXFileReference; lastKnownFileType = sourcecode.swift; path = CellView.swift; sourceTree = "<group>"; };
		4D03C248281BBA8B00D712B6 /* TopSixNews.swift */ = {isa = PBXFileReference; lastKnownFileType = sourcecode.swift; path = TopSixNews.swift; sourceTree = "<group>"; };
		4D03C24A281BBAE000D712B6 /* CardView.swift */ = {isa = PBXFileReference; lastKnownFileType = sourcecode.swift; path = CardView.swift; sourceTree = "<group>"; };
		4D03C24C281BBC0400D712B6 /* StickerModel.swift */ = {isa = PBXFileReference; lastKnownFileType = sourcecode.swift; path = StickerModel.swift; sourceTree = "<group>"; };
		4D03C250281C05A600D712B6 /* ImageLoader.swift */ = {isa = PBXFileReference; lastKnownFileType = sourcecode.swift; path = ImageLoader.swift; sourceTree = "<group>"; };
		4D03C252281D44C800D712B6 /* RandomPriceEmitter.swift */ = {isa = PBXFileReference; lastKnownFileType = sourcecode.swift; path = RandomPriceEmitter.swift; sourceTree = "<group>"; };
		4D03C258281D4E6200D712B6 /* SwiftUIActivityIndicator.swift */ = {isa = PBXFileReference; lastKnownFileType = sourcecode.swift; path = SwiftUIActivityIndicator.swift; sourceTree = "<group>"; };
		55DBC2D29E5A357151053FDD /* Pods_IOSAssignment.framework */ = {isa = PBXFileReference; explicitFileType = wrapper.framework; includeInIndex = 0; path = Pods_IOSAssignment.framework; sourceTree = BUILT_PRODUCTS_DIR; };
		747B270A7FB79EC3CA58E5B8 /* Pods_IOSAssignment_IOSAssignmentUITests.framework */ = {isa = PBXFileReference; explicitFileType = wrapper.framework; includeInIndex = 0; path = Pods_IOSAssignment_IOSAssignmentUITests.framework; sourceTree = BUILT_PRODUCTS_DIR; };
		88A010759997429EFD499143 /* Pods-IOSAssignment.debug.xcconfig */ = {isa = PBXFileReference; includeInIndex = 1; lastKnownFileType = text.xcconfig; name = "Pods-IOSAssignment.debug.xcconfig"; path = "Target Support Files/Pods-IOSAssignment/Pods-IOSAssignment.debug.xcconfig"; sourceTree = "<group>"; };
		9C504EA273B1F176A92954CE /* Pods-IOSAssignmentTests.release.xcconfig */ = {isa = PBXFileReference; includeInIndex = 1; lastKnownFileType = text.xcconfig; name = "Pods-IOSAssignmentTests.release.xcconfig"; path = "Target Support Files/Pods-IOSAssignmentTests/Pods-IOSAssignmentTests.release.xcconfig"; sourceTree = "<group>"; };
		C293E8AAA3E1C6BF727C472F /* Pods-IOSAssignment-IOSAssignmentUITests.debug.xcconfig */ = {isa = PBXFileReference; includeInIndex = 1; lastKnownFileType = text.xcconfig; name = "Pods-IOSAssignment-IOSAssignmentUITests.debug.xcconfig"; path = "Target Support Files/Pods-IOSAssignment-IOSAssignmentUITests/Pods-IOSAssignment-IOSAssignmentUITests.debug.xcconfig"; sourceTree = "<group>"; };
		D7431E118E073D61F400F826 /* Pods_IOSAssignmentTests.framework */ = {isa = PBXFileReference; explicitFileType = wrapper.framework; includeInIndex = 0; path = Pods_IOSAssignmentTests.framework; sourceTree = BUILT_PRODUCTS_DIR; };
		FB316A52BD17C79AD708178A /* Pods-IOSAssignmentTests.debug.xcconfig */ = {isa = PBXFileReference; includeInIndex = 1; lastKnownFileType = text.xcconfig; name = "Pods-IOSAssignmentTests.debug.xcconfig"; path = "Target Support Files/Pods-IOSAssignmentTests/Pods-IOSAssignmentTests.debug.xcconfig"; sourceTree = "<group>"; };
/* End PBXFileReference section */

/* Begin PBXFrameworksBuildPhase section */
		4D03C1F6281838FA00D712B6 /* Frameworks */ = {
			isa = PBXFrameworksBuildPhase;
			buildActionMask = 2147483647;
			files = (
				A78A943D6CC82E3038EAB6DF /* Pods_IOSAssignment.framework in Frameworks */,
			);
			runOnlyForDeploymentPostprocessing = 0;
		};
		4D03C206281838FB00D712B6 /* Frameworks */ = {
			isa = PBXFrameworksBuildPhase;
			buildActionMask = 2147483647;
			files = (
				6434D608498DED167F70316B /* Pods_IOSAssignmentTests.framework in Frameworks */,
			);
			runOnlyForDeploymentPostprocessing = 0;
		};
		4D03C210281838FB00D712B6 /* Frameworks */ = {
			isa = PBXFrameworksBuildPhase;
			buildActionMask = 2147483647;
			files = (
				2668AD18AAE9543F9453A7E8 /* Pods_IOSAssignment_IOSAssignmentUITests.framework in Frameworks */,
			);
			runOnlyForDeploymentPostprocessing = 0;
		};
/* End PBXFrameworksBuildPhase section */

/* Begin PBXGroup section */
		4D03C1F0281838FA00D712B6 = {
			isa = PBXGroup;
			children = (
				4D03C1FB281838FA00D712B6 /* IOSAssignment */,
				4D03C20C281838FB00D712B6 /* IOSAssignmentTests */,
				4D03C216281838FB00D712B6 /* IOSAssignmentUITests */,
				4D03C1FA281838FA00D712B6 /* Products */,
				58353394C5F35CDF6DD3A18A /* Pods */,
				9B66EB1A9773E075839C8707 /* Frameworks */,
			);
			sourceTree = "<group>";
		};
		4D03C1FA281838FA00D712B6 /* Products */ = {
			isa = PBXGroup;
			children = (
				4D03C1F9281838FA00D712B6 /* IOSAssignment.app */,
				4D03C209281838FB00D712B6 /* IOSAssignmentTests.xctest */,
				4D03C213281838FB00D712B6 /* IOSAssignmentUITests.xctest */,
			);
			name = Products;
			sourceTree = "<group>";
		};
		4D03C1FB281838FA00D712B6 /* IOSAssignment */ = {
			isa = PBXGroup;
			children = (
				4D03C257281D4E1300D712B6 /* Helper */,
				4D03C2402819741400D712B6 /* Info.plist */,
				4D03C2372819687100D712B6 /* Service */,
				4D03C23228195D0200D712B6 /* AppView */,
				4D03C23128195CF900D712B6 /* Model */,
				4D03C23028195CF300D712B6 /* View */,
				4D03C22F28195CE700D712B6 /* ViewModel */,
				4D03C200281838FB00D712B6 /* Assets.xcassets */,
				4D03C202281838FB00D712B6 /* Preview Content */,
			);
			path = IOSAssignment;
			sourceTree = "<group>";
		};
		4D03C202281838FB00D712B6 /* Preview Content */ = {
			isa = PBXGroup;
			children = (
				4D03C203281838FB00D712B6 /* Preview Assets.xcassets */,
			);
			path = "Preview Content";
			sourceTree = "<group>";
		};
		4D03C20C281838FB00D712B6 /* IOSAssignmentTests */ = {
			isa = PBXGroup;
			children = (
				4D03C20D281838FB00D712B6 /* IOSAssignmentTests.swift */,
			);
			path = IOSAssignmentTests;
			sourceTree = "<group>";
		};
		4D03C216281838FB00D712B6 /* IOSAssignmentUITests */ = {
			isa = PBXGroup;
			children = (
				4D03C217281838FB00D712B6 /* IOSAssignmentUITests.swift */,
				4D03C219281838FB00D712B6 /* IOSAssignmentUITestsLaunchTests.swift */,
			);
			path = IOSAssignmentUITests;
			sourceTree = "<group>";
		};
		4D03C22F28195CE700D712B6 /* ViewModel */ = {
			isa = PBXGroup;
			children = (
				4D03C23E28196D4B00D712B6 /* AppViewModel.swift */,
				4D03C252281D44C800D712B6 /* RandomPriceEmitter.swift */,
			);
			path = ViewModel;
			sourceTree = "<group>";
		};
		4D03C23028195CF300D712B6 /* View */ = {
			isa = PBXGroup;
			children = (
				4D03C23328195D1400D712B6 /* CompositeView */,
				4D03C1FE281838FA00D712B6 /* ContentView.swift */,
				4D03C246281BBA6B00D712B6 /* CellView.swift */,
				4D03C248281BBA8B00D712B6 /* TopSixNews.swift */,
				4D03C24A281BBAE000D712B6 /* CardView.swift */,
			);
			path = View;
			sourceTree = "<group>";
		};
		4D03C23128195CF900D712B6 /* Model */ = {
			isa = PBXGroup;
			children = (
				4D03C23C28196CAA00D712B6 /* AppModel.swift */,
				4D03C24C281BBC0400D712B6 /* StickerModel.swift */,
			);
			path = Model;
			sourceTree = "<group>";
		};
		4D03C23228195D0200D712B6 /* AppView */ = {
			isa = PBXGroup;
			children = (
				4D03C1FC281838FA00D712B6 /* IOSAssignmentApp.swift */,
			);
			path = AppView;
			sourceTree = "<group>";
		};
		4D03C23328195D1400D712B6 /* CompositeView */ = {
			isa = PBXGroup;
			children = (
				4D03C23428195D2800D712B6 /* PagingView.swift */,
				4D03C250281C05A600D712B6 /* ImageLoader.swift */,
			);
			path = CompositeView;
			sourceTree = "<group>";
		};
		4D03C2372819687100D712B6 /* Service */ = {
			isa = PBXGroup;
			children = (
				4D03C2382819687F00D712B6 /* WebService.swift */,
			);
			path = Service;
			sourceTree = "<group>";
		};
		4D03C257281D4E1300D712B6 /* Helper */ = {
			isa = PBXGroup;
			children = (
				4D03C258281D4E6200D712B6 /* SwiftUIActivityIndicator.swift */,
			);
			path = Helper;
			sourceTree = "<group>";
		};
		58353394C5F35CDF6DD3A18A /* Pods */ = {
			isa = PBXGroup;
			children = (
				88A010759997429EFD499143 /* Pods-IOSAssignment.debug.xcconfig */,
				475B38CE7E1B76280754AA9F /* Pods-IOSAssignment.release.xcconfig */,
				C293E8AAA3E1C6BF727C472F /* Pods-IOSAssignment-IOSAssignmentUITests.debug.xcconfig */,
				0D70CB56F552C2A31886BF6D /* Pods-IOSAssignment-IOSAssignmentUITests.release.xcconfig */,
				FB316A52BD17C79AD708178A /* Pods-IOSAssignmentTests.debug.xcconfig */,
				9C504EA273B1F176A92954CE /* Pods-IOSAssignmentTests.release.xcconfig */,
			);
			path = Pods;
			sourceTree = "<group>";
		};
		9B66EB1A9773E075839C8707 /* Frameworks */ = {
			isa = PBXGroup;
			children = (
				55DBC2D29E5A357151053FDD /* Pods_IOSAssignment.framework */,
				747B270A7FB79EC3CA58E5B8 /* Pods_IOSAssignment_IOSAssignmentUITests.framework */,
				D7431E118E073D61F400F826 /* Pods_IOSAssignmentTests.framework */,
			);
			name = Frameworks;
			sourceTree = "<group>";
		};
/* End PBXGroup section */

/* Begin PBXNativeTarget section */
		4D03C1F8281838FA00D712B6 /* IOSAssignment */ = {
			isa = PBXNativeTarget;
			buildConfigurationList = 4D03C21D281838FB00D712B6 /* Build configuration list for PBXNativeTarget "IOSAssignment" */;
			buildPhases = (
				05AC61722D99D6477C45CB3C /* [CP] Check Pods Manifest.lock */,
				4D03C1F5281838FA00D712B6 /* Sources */,
				4D03C1F6281838FA00D712B6 /* Frameworks */,
				4D03C1F7281838FA00D712B6 /* Resources */,
				F9BDC3CFE58195DA038BAB81 /* [CP] Embed Pods Frameworks */,
			);
			buildRules = (
			);
			dependencies = (
			);
			name = IOSAssignment;
			productName = IOSAssignment;
			productReference = 4D03C1F9281838FA00D712B6 /* IOSAssignment.app */;
			productType = "com.apple.product-type.application";
		};
		4D03C208281838FB00D712B6 /* IOSAssignmentTests */ = {
			isa = PBXNativeTarget;
			buildConfigurationList = 4D03C220281838FB00D712B6 /* Build configuration list for PBXNativeTarget "IOSAssignmentTests" */;
			buildPhases = (
				1AD71B664125EFE2E96B70E8 /* [CP] Check Pods Manifest.lock */,
				4D03C205281838FB00D712B6 /* Sources */,
				4D03C206281838FB00D712B6 /* Frameworks */,
				4D03C207281838FB00D712B6 /* Resources */,
			);
			buildRules = (
			);
			dependencies = (
				4D03C20B281838FB00D712B6 /* PBXTargetDependency */,
			);
			name = IOSAssignmentTests;
			productName = IOSAssignmentTests;
			productReference = 4D03C209281838FB00D712B6 /* IOSAssignmentTests.xctest */;
			productType = "com.apple.product-type.bundle.unit-test";
		};
		4D03C212281838FB00D712B6 /* IOSAssignmentUITests */ = {
			isa = PBXNativeTarget;
			buildConfigurationList = 4D03C223281838FB00D712B6 /* Build configuration list for PBXNativeTarget "IOSAssignmentUITests" */;
			buildPhases = (
				69F6897F28BF211407B4ECA6 /* [CP] Check Pods Manifest.lock */,
				4D03C20F281838FB00D712B6 /* Sources */,
				4D03C210281838FB00D712B6 /* Frameworks */,
				4D03C211281838FB00D712B6 /* Resources */,
				22989A8ECCA6E8D9ABF4BE8E /* [CP] Embed Pods Frameworks */,
			);
			buildRules = (
			);
			dependencies = (
				4D03C215281838FB00D712B6 /* PBXTargetDependency */,
			);
			name = IOSAssignmentUITests;
			productName = IOSAssignmentUITests;
			productReference = 4D03C213281838FB00D712B6 /* IOSAssignmentUITests.xctest */;
			productType = "com.apple.product-type.bundle.ui-testing";
		};
/* End PBXNativeTarget section */

/* Begin PBXProject section */
		4D03C1F1281838FA00D712B6 /* Project object */ = {
			isa = PBXProject;
			attributes = {
				BuildIndependentTargetsInParallel = 1;
				LastSwiftUpdateCheck = 1330;
				LastUpgradeCheck = 1330;
				TargetAttributes = {
					4D03C1F8281838FA00D712B6 = {
						CreatedOnToolsVersion = 13.3;
					};
					4D03C208281838FB00D712B6 = {
						CreatedOnToolsVersion = 13.3;
						TestTargetID = 4D03C1F8281838FA00D712B6;
					};
					4D03C212281838FB00D712B6 = {
						CreatedOnToolsVersion = 13.3;
						TestTargetID = 4D03C1F8281838FA00D712B6;
					};
				};
			};
			buildConfigurationList = 4D03C1F4281838FA00D712B6 /* Build configuration list for PBXProject "IOSAssignment" */;
			compatibilityVersion = "Xcode 13.0";
			developmentRegion = en;
			hasScannedForEncodings = 0;
			knownRegions = (
				en,
				Base,
			);
			mainGroup = 4D03C1F0281838FA00D712B6;
			productRefGroup = 4D03C1FA281838FA00D712B6 /* Products */;
			projectDirPath = "";
			projectRoot = "";
			targets = (
				4D03C1F8281838FA00D712B6 /* IOSAssignment */,
				4D03C208281838FB00D712B6 /* IOSAssignmentTests */,
				4D03C212281838FB00D712B6 /* IOSAssignmentUITests */,
			);
		};
/* End PBXProject section */

/* Begin PBXResourcesBuildPhase section */
		4D03C1F7281838FA00D712B6 /* Resources */ = {
			isa = PBXResourcesBuildPhase;
			buildActionMask = 2147483647;
			files = (
				4D03C204281838FB00D712B6 /* Preview Assets.xcassets in Resources */,
				4D03C201281838FB00D712B6 /* Assets.xcassets in Resources */,
			);
			runOnlyForDeploymentPostprocessing = 0;
		};
		4D03C207281838FB00D712B6 /* Resources */ = {
			isa = PBXResourcesBuildPhase;
			buildActionMask = 2147483647;
			files = (
			);
			runOnlyForDeploymentPostprocessing = 0;
		};
		4D03C211281838FB00D712B6 /* Resources */ = {
			isa = PBXResourcesBuildPhase;
			buildActionMask = 2147483647;
			files = (
			);
			runOnlyForDeploymentPostprocessing = 0;
		};
/* End PBXResourcesBuildPhase section */

/* Begin PBXShellScriptBuildPhase section */
		05AC61722D99D6477C45CB3C /* [CP] Check Pods Manifest.lock */ = {
			isa = PBXShellScriptBuildPhase;
			buildActionMask = 2147483647;
			files = (
			);
			inputFileListPaths = (
			);
			inputPaths = (
				"${PODS_PODFILE_DIR_PATH}/Podfile.lock",
				"${PODS_ROOT}/Manifest.lock",
			);
			name = "[CP] Check Pods Manifest.lock";
			outputFileListPaths = (
			);
			outputPaths = (
				"$(DERIVED_FILE_DIR)/Pods-IOSAssignment-checkManifestLockResult.txt",
			);
			runOnlyForDeploymentPostprocessing = 0;
			shellPath = /bin/sh;
			shellScript = "diff \"${PODS_PODFILE_DIR_PATH}/Podfile.lock\" \"${PODS_ROOT}/Manifest.lock\" > /dev/null\nif [ $? != 0 ] ; then\n    # print error to STDERR\n    echo \"error: The sandbox is not in sync with the Podfile.lock. Run 'pod install' or update your CocoaPods installation.\" >&2\n    exit 1\nfi\n# This output is used by Xcode 'outputs' to avoid re-running this script phase.\necho \"SUCCESS\" > \"${SCRIPT_OUTPUT_FILE_0}\"\n";
			showEnvVarsInLog = 0;
		};
		1AD71B664125EFE2E96B70E8 /* [CP] Check Pods Manifest.lock */ = {
			isa = PBXShellScriptBuildPhase;
			buildActionMask = 2147483647;
			files = (
			);
			inputFileListPaths = (
			);
			inputPaths = (
				"${PODS_PODFILE_DIR_PATH}/Podfile.lock",
				"${PODS_ROOT}/Manifest.lock",
			);
			name = "[CP] Check Pods Manifest.lock";
			outputFileListPaths = (
			);
			outputPaths = (
				"$(DERIVED_FILE_DIR)/Pods-IOSAssignmentTests-checkManifestLockResult.txt",
			);
			runOnlyForDeploymentPostprocessing = 0;
			shellPath = /bin/sh;
			shellScript = "diff \"${PODS_PODFILE_DIR_PATH}/Podfile.lock\" \"${PODS_ROOT}/Manifest.lock\" > /dev/null\nif [ $? != 0 ] ; then\n    # print error to STDERR\n    echo \"error: The sandbox is not in sync with the Podfile.lock. Run 'pod install' or update your CocoaPods installation.\" >&2\n    exit 1\nfi\n# This output is used by Xcode 'outputs' to avoid re-running this script phase.\necho \"SUCCESS\" > \"${SCRIPT_OUTPUT_FILE_0}\"\n";
			showEnvVarsInLog = 0;
		};
		22989A8ECCA6E8D9ABF4BE8E /* [CP] Embed Pods Frameworks */ = {
			isa = PBXShellScriptBuildPhase;
			buildActionMask = 2147483647;
			files = (
			);
			inputFileListPaths = (
				"${PODS_ROOT}/Target Support Files/Pods-IOSAssignment-IOSAssignmentUITests/Pods-IOSAssignment-IOSAssignmentUITests-frameworks-${CONFIGURATION}-input-files.xcfilelist",
			);
			name = "[CP] Embed Pods Frameworks";
			outputFileListPaths = (
				"${PODS_ROOT}/Target Support Files/Pods-IOSAssignment-IOSAssignmentUITests/Pods-IOSAssignment-IOSAssignmentUITests-frameworks-${CONFIGURATION}-output-files.xcfilelist",
			);
			runOnlyForDeploymentPostprocessing = 0;
			shellPath = /bin/sh;
			shellScript = "\"${PODS_ROOT}/Target Support Files/Pods-IOSAssignment-IOSAssignmentUITests/Pods-IOSAssignment-IOSAssignmentUITests-frameworks.sh\"\n";
			showEnvVarsInLog = 0;
		};
		69F6897F28BF211407B4ECA6 /* [CP] Check Pods Manifest.lock */ = {
			isa = PBXShellScriptBuildPhase;
			buildActionMask = 2147483647;
			files = (
			);
			inputFileListPaths = (
			);
			inputPaths = (
				"${PODS_PODFILE_DIR_PATH}/Podfile.lock",
				"${PODS_ROOT}/Manifest.lock",
			);
			name = "[CP] Check Pods Manifest.lock";
			outputFileListPaths = (
			);
			outputPaths = (
				"$(DERIVED_FILE_DIR)/Pods-IOSAssignment-IOSAssignmentUITests-checkManifestLockResult.txt",
			);
			runOnlyForDeploymentPostprocessing = 0;
			shellPath = /bin/sh;
			shellScript = "diff \"${PODS_PODFILE_DIR_PATH}/Podfile.lock\" \"${PODS_ROOT}/Manifest.lock\" > /dev/null\nif [ $? != 0 ] ; then\n    # print error to STDERR\n    echo \"error: The sandbox is not in sync with the Podfile.lock. Run 'pod install' or update your CocoaPods installation.\" >&2\n    exit 1\nfi\n# This output is used by Xcode 'outputs' to avoid re-running this script phase.\necho \"SUCCESS\" > \"${SCRIPT_OUTPUT_FILE_0}\"\n";
			showEnvVarsInLog = 0;
		};
		F9BDC3CFE58195DA038BAB81 /* [CP] Embed Pods Frameworks */ = {
			isa = PBXShellScriptBuildPhase;
			buildActionMask = 2147483647;
			files = (
			);
			inputFileListPaths = (
				"${PODS_ROOT}/Target Support Files/Pods-IOSAssignment/Pods-IOSAssignment-frameworks-${CONFIGURATION}-input-files.xcfilelist",
			);
			name = "[CP] Embed Pods Frameworks";
			outputFileListPaths = (
				"${PODS_ROOT}/Target Support Files/Pods-IOSAssignment/Pods-IOSAssignment-frameworks-${CONFIGURATION}-output-files.xcfilelist",
			);
			runOnlyForDeploymentPostprocessing = 0;
			shellPath = /bin/sh;
			shellScript = "\"${PODS_ROOT}/Target Support Files/Pods-IOSAssignment/Pods-IOSAssignment-frameworks.sh\"\n";
			showEnvVarsInLog = 0;
		};
/* End PBXShellScriptBuildPhase section */

/* Begin PBXSourcesBuildPhase section */
		4D03C1F5281838FA00D712B6 /* Sources */ = {
			isa = PBXSourcesBuildPhase;
			buildActionMask = 2147483647;
			files = (
				4D03C23D28196CAA00D712B6 /* AppModel.swift in Sources */,
				4D03C253281D44C800D712B6 /* RandomPriceEmitter.swift in Sources */,
				4D03C23528195D2800D712B6 /* PagingView.swift in Sources */,
				4D03C23F28196D4B00D712B6 /* AppViewModel.swift in Sources */,
				4D03C24D281BBC0400D712B6 /* StickerModel.swift in Sources */,
				4D03C1FF281838FA00D712B6 /* ContentView.swift in Sources */,
				4D03C251281C05A600D712B6 /* ImageLoader.swift in Sources */,
				4D03C24B281BBAE000D712B6 /* CardView.swift in Sources */,
				4D03C247281BBA6B00D712B6 /* CellView.swift in Sources */,
				4D03C249281BBA8B00D712B6 /* TopSixNews.swift in Sources */,
				4D03C2392819687F00D712B6 /* WebService.swift in Sources */,
				4D03C1FD281838FA00D712B6 /* IOSAssignmentApp.swift in Sources */,
				4D03C259281D4E6200D712B6 /* SwiftUIActivityIndicator.swift in Sources */,
			);
			runOnlyForDeploymentPostprocessing = 0;
		};
		4D03C205281838FB00D712B6 /* Sources */ = {
			isa = PBXSourcesBuildPhase;
			buildActionMask = 2147483647;
			files = (
				4D03C20E281838FB00D712B6 /* IOSAssignmentTests.swift in Sources */,
			);
			runOnlyForDeploymentPostprocessing = 0;
		};
		4D03C20F281838FB00D712B6 /* Sources */ = {
			isa = PBXSourcesBuildPhase;
			buildActionMask = 2147483647;
			files = (
				4D03C218281838FB00D712B6 /* IOSAssignmentUITests.swift in Sources */,
				4D03C21A281838FB00D712B6 /* IOSAssignmentUITestsLaunchTests.swift in Sources */,
			);
			runOnlyForDeploymentPostprocessing = 0;
		};
/* End PBXSourcesBuildPhase section */

/* Begin PBXTargetDependency section */
		4D03C20B281838FB00D712B6 /* PBXTargetDependency */ = {
			isa = PBXTargetDependency;
			target = 4D03C1F8281838FA00D712B6 /* IOSAssignment */;
			targetProxy = 4D03C20A281838FB00D712B6 /* PBXContainerItemProxy */;
		};
		4D03C215281838FB00D712B6 /* PBXTargetDependency */ = {
			isa = PBXTargetDependency;
			target = 4D03C1F8281838FA00D712B6 /* IOSAssignment */;
			targetProxy = 4D03C214281838FB00D712B6 /* PBXContainerItemProxy */;
		};
/* End PBXTargetDependency section */

/* Begin XCBuildConfiguration section */
		4D03C21B281838FB00D712B6 /* Debug */ = {
			isa = XCBuildConfiguration;
			buildSettings = {
				ALWAYS_SEARCH_USER_PATHS = NO;
				CLANG_ANALYZER_NONNULL = YES;
				CLANG_ANALYZER_NUMBER_OBJECT_CONVERSION = YES_AGGRESSIVE;
				CLANG_CXX_LANGUAGE_STANDARD = "gnu++17";
				CLANG_ENABLE_MODULES = YES;
				CLANG_ENABLE_OBJC_ARC = YES;
				CLANG_ENABLE_OBJC_WEAK = YES;
				CLANG_WARN_BLOCK_CAPTURE_AUTORELEASING = YES;
				CLANG_WARN_BOOL_CONVERSION = YES;
				CLANG_WARN_COMMA = YES;
				CLANG_WARN_CONSTANT_CONVERSION = YES;
				CLANG_WARN_DEPRECATED_OBJC_IMPLEMENTATIONS = YES;
				CLANG_WARN_DIRECT_OBJC_ISA_USAGE = YES_ERROR;
				CLANG_WARN_DOCUMENTATION_COMMENTS = YES;
				CLANG_WARN_EMPTY_BODY = YES;
				CLANG_WARN_ENUM_CONVERSION = YES;
				CLANG_WARN_INFINITE_RECURSION = YES;
				CLANG_WARN_INT_CONVERSION = YES;
				CLANG_WARN_NON_LITERAL_NULL_CONVERSION = YES;
				CLANG_WARN_OBJC_IMPLICIT_RETAIN_SELF = YES;
				CLANG_WARN_OBJC_LITERAL_CONVERSION = YES;
				CLANG_WARN_OBJC_ROOT_CLASS = YES_ERROR;
				CLANG_WARN_QUOTED_INCLUDE_IN_FRAMEWORK_HEADER = YES;
				CLANG_WARN_RANGE_LOOP_ANALYSIS = YES;
				CLANG_WARN_STRICT_PROTOTYPES = YES;
				CLANG_WARN_SUSPICIOUS_MOVE = YES;
				CLANG_WARN_UNGUARDED_AVAILABILITY = YES_AGGRESSIVE;
				CLANG_WARN_UNREACHABLE_CODE = YES;
				CLANG_WARN__DUPLICATE_METHOD_MATCH = YES;
				COPY_PHASE_STRIP = NO;
				DEBUG_INFORMATION_FORMAT = dwarf;
				ENABLE_STRICT_OBJC_MSGSEND = YES;
				ENABLE_TESTABILITY = YES;
				GCC_C_LANGUAGE_STANDARD = gnu11;
				GCC_DYNAMIC_NO_PIC = NO;
				GCC_NO_COMMON_BLOCKS = YES;
				GCC_OPTIMIZATION_LEVEL = 0;
				GCC_PREPROCESSOR_DEFINITIONS = (
					"DEBUG=1",
					"$(inherited)",
				);
				GCC_WARN_64_TO_32_BIT_CONVERSION = YES;
				GCC_WARN_ABOUT_RETURN_TYPE = YES_ERROR;
				GCC_WARN_UNDECLARED_SELECTOR = YES;
				GCC_WARN_UNINITIALIZED_AUTOS = YES_AGGRESSIVE;
				GCC_WARN_UNUSED_FUNCTION = YES;
				GCC_WARN_UNUSED_VARIABLE = YES;
				IPHONEOS_DEPLOYMENT_TARGET = 15.4;
				MTL_ENABLE_DEBUG_INFO = INCLUDE_SOURCE;
				MTL_FAST_MATH = YES;
				ONLY_ACTIVE_ARCH = YES;
				SDKROOT = iphoneos;
				SWIFT_ACTIVE_COMPILATION_CONDITIONS = DEBUG;
				SWIFT_OPTIMIZATION_LEVEL = "-Onone";
			};
			name = Debug;
		};
		4D03C21C281838FB00D712B6 /* Release */ = {
			isa = XCBuildConfiguration;
			buildSettings = {
				ALWAYS_SEARCH_USER_PATHS = NO;
				CLANG_ANALYZER_NONNULL = YES;
				CLANG_ANALYZER_NUMBER_OBJECT_CONVERSION = YES_AGGRESSIVE;
				CLANG_CXX_LANGUAGE_STANDARD = "gnu++17";
				CLANG_ENABLE_MODULES = YES;
				CLANG_ENABLE_OBJC_ARC = YES;
				CLANG_ENABLE_OBJC_WEAK = YES;
				CLANG_WARN_BLOCK_CAPTURE_AUTORELEASING = YES;
				CLANG_WARN_BOOL_CONVERSION = YES;
				CLANG_WARN_COMMA = YES;
				CLANG_WARN_CONSTANT_CONVERSION = YES;
				CLANG_WARN_DEPRECATED_OBJC_IMPLEMENTATIONS = YES;
				CLANG_WARN_DIRECT_OBJC_ISA_USAGE = YES_ERROR;
				CLANG_WARN_DOCUMENTATION_COMMENTS = YES;
				CLANG_WARN_EMPTY_BODY = YES;
				CLANG_WARN_ENUM_CONVERSION = YES;
				CLANG_WARN_INFINITE_RECURSION = YES;
				CLANG_WARN_INT_CONVERSION = YES;
				CLANG_WARN_NON_LITERAL_NULL_CONVERSION = YES;
				CLANG_WARN_OBJC_IMPLICIT_RETAIN_SELF = YES;
				CLANG_WARN_OBJC_LITERAL_CONVERSION = YES;
				CLANG_WARN_OBJC_ROOT_CLASS = YES_ERROR;
				CLANG_WARN_QUOTED_INCLUDE_IN_FRAMEWORK_HEADER = YES;
				CLANG_WARN_RANGE_LOOP_ANALYSIS = YES;
				CLANG_WARN_STRICT_PROTOTYPES = YES;
				CLANG_WARN_SUSPICIOUS_MOVE = YES;
				CLANG_WARN_UNGUARDED_AVAILABILITY = YES_AGGRESSIVE;
				CLANG_WARN_UNREACHABLE_CODE = YES;
				CLANG_WARN__DUPLICATE_METHOD_MATCH = YES;
				COPY_PHASE_STRIP = NO;
				DEBUG_INFORMATION_FORMAT = "dwarf-with-dsym";
				ENABLE_NS_ASSERTIONS = NO;
				ENABLE_STRICT_OBJC_MSGSEND = YES;
				GCC_C_LANGUAGE_STANDARD = gnu11;
				GCC_NO_COMMON_BLOCKS = YES;
				GCC_WARN_64_TO_32_BIT_CONVERSION = YES;
				GCC_WARN_ABOUT_RETURN_TYPE = YES_ERROR;
				GCC_WARN_UNDECLARED_SELECTOR = YES;
				GCC_WARN_UNINITIALIZED_AUTOS = YES_AGGRESSIVE;
				GCC_WARN_UNUSED_FUNCTION = YES;
				GCC_WARN_UNUSED_VARIABLE = YES;
				IPHONEOS_DEPLOYMENT_TARGET = 15.4;
				MTL_ENABLE_DEBUG_INFO = NO;
				MTL_FAST_MATH = YES;
				SDKROOT = iphoneos;
				SWIFT_COMPILATION_MODE = wholemodule;
				SWIFT_OPTIMIZATION_LEVEL = "-O";
				VALIDATE_PRODUCT = YES;
			};
			name = Release;
		};
		4D03C21E281838FB00D712B6 /* Debug */ = {
			isa = XCBuildConfiguration;
			baseConfigurationReference = 88A010759997429EFD499143 /* Pods-IOSAssignment.debug.xcconfig */;
			buildSettings = {
				ASSETCATALOG_COMPILER_APPICON_NAME = AppIcon;
				ASSETCATALOG_COMPILER_GLOBAL_ACCENT_COLOR_NAME = AccentColor;
				CODE_SIGN_STYLE = Automatic;
				CURRENT_PROJECT_VERSION = 1;
				DEVELOPMENT_ASSET_PATHS = "\"IOSAssignment/Preview Content\"";
				DEVELOPMENT_TEAM = 5LEQ4G2BEZ;
				ENABLE_PREVIEWS = YES;
				GENERATE_INFOPLIST_FILE = YES;
				INFOPLIST_FILE = IOSAssignment/Info.plist;
				INFOPLIST_KEY_UIApplicationSceneManifest_Generation = YES;
				INFOPLIST_KEY_UIApplicationSupportsIndirectInputEvents = YES;
				INFOPLIST_KEY_UILaunchScreen_Generation = YES;
				INFOPLIST_KEY_UISupportedInterfaceOrientations = "UIInterfaceOrientationPortrait UIInterfaceOrientationPortraitUpsideDown";
				INFOPLIST_KEY_UISupportedInterfaceOrientations_iPad = "UIInterfaceOrientationPortrait UIInterfaceOrientationPortraitUpsideDown UIInterfaceOrientationLandscapeLeft UIInterfaceOrientationLandscapeRight";
				INFOPLIST_KEY_UISupportedInterfaceOrientations_iPhone = "UIInterfaceOrientationPortrait UIInterfaceOrientationLandscapeLeft UIInterfaceOrientationLandscapeRight";
				LD_RUNPATH_SEARCH_PATHS = (
					"$(inherited)",
					"@executable_path/Frameworks",
				);
				MARKETING_VERSION = 1.0;
				PRODUCT_BUNDLE_IDENTIFIER = com.smarter.cloud.IOSAssignment;
				PRODUCT_NAME = "$(TARGET_NAME)";
				SWIFT_EMIT_LOC_STRINGS = YES;
				SWIFT_VERSION = 5.0;
				TARGETED_DEVICE_FAMILY = "1,2";
			};
			name = Debug;
		};
		4D03C21F281838FB00D712B6 /* Release */ = {
			isa = XCBuildConfiguration;
			baseConfigurationReference = 475B38CE7E1B76280754AA9F /* Pods-IOSAssignment.release.xcconfig */;
			buildSettings = {
				ASSETCATALOG_COMPILER_APPICON_NAME = AppIcon;
				ASSETCATALOG_COMPILER_GLOBAL_ACCENT_COLOR_NAME = AccentColor;
				CODE_SIGN_STYLE = Automatic;
				CURRENT_PROJECT_VERSION = 1;
				DEVELOPMENT_ASSET_PATHS = "\"IOSAssignment/Preview Content\"";
				DEVELOPMENT_TEAM = 5LEQ4G2BEZ;
				ENABLE_PREVIEWS = YES;
				GENERATE_INFOPLIST_FILE = YES;
				INFOPLIST_FILE = IOSAssignment/Info.plist;
				INFOPLIST_KEY_UIApplicationSceneManifest_Generation = YES;
				INFOPLIST_KEY_UIApplicationSupportsIndirectInputEvents = YES;
				INFOPLIST_KEY_UILaunchScreen_Generation = YES;
				INFOPLIST_KEY_UISupportedInterfaceOrientations = "UIInterfaceOrientationPortrait UIInterfaceOrientationPortraitUpsideDown";
				INFOPLIST_KEY_UISupportedInterfaceOrientations_iPad = "UIInterfaceOrientationPortrait UIInterfaceOrientationPortraitUpsideDown UIInterfaceOrientationLandscapeLeft UIInterfaceOrientationLandscapeRight";
				INFOPLIST_KEY_UISupportedInterfaceOrientations_iPhone = "UIInterfaceOrientationPortrait UIInterfaceOrientationLandscapeLeft UIInterfaceOrientationLandscapeRight";
				LD_RUNPATH_SEARCH_PATHS = (
					"$(inherited)",
					"@executable_path/Frameworks",
				);
				MARKETING_VERSION = 1.0;
				PRODUCT_BUNDLE_IDENTIFIER = com.smarter.cloud.IOSAssignment;
				PRODUCT_NAME = "$(TARGET_NAME)";
				SWIFT_EMIT_LOC_STRINGS = YES;
				SWIFT_VERSION = 5.0;
				TARGETED_DEVICE_FAMILY = "1,2";
			};
			name = Release;
		};
		4D03C221281838FB00D712B6 /* Debug */ = {
			isa = XCBuildConfiguration;
			baseConfigurationReference = FB316A52BD17C79AD708178A /* Pods-IOSAssignmentTests.debug.xcconfig */;
			buildSettings = {
				ALWAYS_EMBED_SWIFT_STANDARD_LIBRARIES = YES;
				BUNDLE_LOADER = "$(TEST_HOST)";
				CODE_SIGN_STYLE = Automatic;
				CURRENT_PROJECT_VERSION = 1;
				DEVELOPMENT_TEAM = 5LEQ4G2BEZ;
				GENERATE_INFOPLIST_FILE = YES;
				IPHONEOS_DEPLOYMENT_TARGET = 15.4;
				MARKETING_VERSION = 1.0;
				PRODUCT_BUNDLE_IDENTIFIER = com.smarter.cloud.IOSAssignmentTests;
				PRODUCT_NAME = "$(TARGET_NAME)";
				SWIFT_EMIT_LOC_STRINGS = NO;
				SWIFT_VERSION = 5.0;
				TARGETED_DEVICE_FAMILY = "1,2";
				TEST_HOST = "$(BUILT_PRODUCTS_DIR)/IOSAssignment.app/IOSAssignment";
			};
			name = Debug;
		};
		4D03C222281838FB00D712B6 /* Release */ = {
			isa = XCBuildConfiguration;
			baseConfigurationReference = 9C504EA273B1F176A92954CE /* Pods-IOSAssignmentTests.release.xcconfig */;
			buildSettings = {
				ALWAYS_EMBED_SWIFT_STANDARD_LIBRARIES = YES;
				BUNDLE_LOADER = "$(TEST_HOST)";
				CODE_SIGN_STYLE = Automatic;
				CURRENT_PROJECT_VERSION = 1;
				DEVELOPMENT_TEAM = 5LEQ4G2BEZ;
				GENERATE_INFOPLIST_FILE = YES;
				IPHONEOS_DEPLOYMENT_TARGET = 15.4;
				MARKETING_VERSION = 1.0;
				PRODUCT_BUNDLE_IDENTIFIER = com.smarter.cloud.IOSAssignmentTests;
				PRODUCT_NAME = "$(TARGET_NAME)";
				SWIFT_EMIT_LOC_STRINGS = NO;
				SWIFT_VERSION = 5.0;
				TARGETED_DEVICE_FAMILY = "1,2";
				TEST_HOST = "$(BUILT_PRODUCTS_DIR)/IOSAssignment.app/IOSAssignment";
			};
			name = Release;
		};
		4D03C224281838FB00D712B6 /* Debug */ = {
			isa = XCBuildConfiguration;
			baseConfigurationReference = C293E8AAA3E1C6BF727C472F /* Pods-IOSAssignment-IOSAssignmentUITests.debug.xcconfig */;
			buildSettings = {
				ALWAYS_EMBED_SWIFT_STANDARD_LIBRARIES = YES;
				CODE_SIGN_STYLE = Automatic;
				CURRENT_PROJECT_VERSION = 1;
				DEVELOPMENT_TEAM = 5LEQ4G2BEZ;
				GENERATE_INFOPLIST_FILE = YES;
				MARKETING_VERSION = 1.0;
				PRODUCT_BUNDLE_IDENTIFIER = com.smarter.cloud.IOSAssignmentUITests;
				PRODUCT_NAME = "$(TARGET_NAME)";
				SWIFT_EMIT_LOC_STRINGS = NO;
				SWIFT_VERSION = 5.0;
				TARGETED_DEVICE_FAMILY = "1,2";
				TEST_TARGET_NAME = IOSAssignment;
			};
			name = Debug;
		};
		4D03C225281838FB00D712B6 /* Release */ = {
			isa = XCBuildConfiguration;
			baseConfigurationReference = 0D70CB56F552C2A31886BF6D /* Pods-IOSAssignment-IOSAssignmentUITests.release.xcconfig */;
			buildSettings = {
				ALWAYS_EMBED_SWIFT_STANDARD_LIBRARIES = YES;
				CODE_SIGN_STYLE = Automatic;
				CURRENT_PROJECT_VERSION = 1;
				DEVELOPMENT_TEAM = 5LEQ4G2BEZ;
				GENERATE_INFOPLIST_FILE = YES;
				MARKETING_VERSION = 1.0;
				PRODUCT_BUNDLE_IDENTIFIER = com.smarter.cloud.IOSAssignmentUITests;
				PRODUCT_NAME = "$(TARGET_NAME)";
				SWIFT_EMIT_LOC_STRINGS = NO;
				SWIFT_VERSION = 5.0;
				TARGETED_DEVICE_FAMILY = "1,2";
				TEST_TARGET_NAME = IOSAssignment;
			};
			name = Release;
		};
/* End XCBuildConfiguration section */

/* Begin XCConfigurationList section */
		4D03C1F4281838FA00D712B6 /* Build configuration list for PBXProject "IOSAssignment" */ = {
			isa = XCConfigurationList;
			buildConfigurations = (
				4D03C21B281838FB00D712B6 /* Debug */,
				4D03C21C281838FB00D712B6 /* Release */,
			);
			defaultConfigurationIsVisible = 0;
			defaultConfigurationName = Release;
		};
		4D03C21D281838FB00D712B6 /* Build configuration list for PBXNativeTarget "IOSAssignment" */ = {
			isa = XCConfigurationList;
			buildConfigurations = (
				4D03C21E281838FB00D712B6 /* Debug */,
				4D03C21F281838FB00D712B6 /* Release */,
			);
			defaultConfigurationIsVisible = 0;
			defaultConfigurationName = Release;
		};
		4D03C220281838FB00D712B6 /* Build configuration list for PBXNativeTarget "IOSAssignmentTests" */ = {
			isa = XCConfigurationList;
			buildConfigurations = (
				4D03C221281838FB00D712B6 /* Debug */,
				4D03C222281838FB00D712B6 /* Release */,
			);
			defaultConfigurationIsVisible = 0;
			defaultConfigurationName = Release;
		};
		4D03C223281838FB00D712B6 /* Build configuration list for PBXNativeTarget "IOSAssignmentUITests" */ = {
			isa = XCConfigurationList;
			buildConfigurations = (
				4D03C224281838FB00D712B6 /* Debug */,
				4D03C225281838FB00D712B6 /* Release */,
			);
			defaultConfigurationIsVisible = 0;
			defaultConfigurationName = Release;
		};
/* End XCConfigurationList section */
	};
	rootObject = 4D03C1F1281838FA00D712B6 /* Project object */;
}
